
Microsoft Visual Studio Solution File, Format Version 12.00
# Visual Studio Version 17
VisualStudioVersion = 17.1.32210.238
MinimumVisualStudioVersion = 10.0.40219.1
Project("{FAE04EC0-301F-11D3-BF4B-00C04F79EFBC}") = "VendasComissoes", "VendasComissoes\VendasComissoes.csproj", "{CCD89E65-5BEA-43DC-A537-8C16F9D443ED}"
EndProject
Global
	GlobalSection(SolutionConfigurationPlatforms) = preSolution
		Debug|Any CPU = Debug|Any CPU
		Release|Any CPU = Release|Any CPU
	EndGlobalSection
	GlobalSection(ProjectConfigurationPlatforms) = postSolution
		{CCD89E65-5BEA-43DC-A537-8C16F9D443ED}.Debug|Any CPU.ActiveCfg = Debug|Any CPU
		{CCD89E65-5BEA-43DC-A537-8C16F9D443ED}.Debug|Any CPU.Build.0 = Debug|Any CPU
		{CCD89E65-5BEA-43DC-A537-8C16F9D443ED}.Release|Any CPU.ActiveCfg = Release|Any CPU
		{CCD89E65-5BEA-43DC-A537-8C16F9D443ED}.Release|Any CPU.Build.0 = Release|Any CPU
	EndGlobalSection
	GlobalSection(SolutionProperties) = preSolution
		HideSolutionNode = FALSE
	EndGlobalSection
	GlobalSection(ExtensibilityGlobals) = postSolution
		SolutionGuid = {6B7C7BFA-0E52-4523-9689-2F14111BF071}
	EndGlobalSection
EndGlobal
